// !$*UTF8*$!
{
	archiveVersion = 1;
	classes = {
	};
	objectVersion = 50;
	objects = {

/* Begin PBXBuildFile section */
		B07A30D322A2BE7100590B21 /* main.cpp in Sources */ = {isa = PBXBuildFile; fileRef = B07A30D222A2BE7100590B21 /* main.cpp */; };
		B07A30DB22A2C2B900590B21 /* libSDL2-2.0.0.dylib in Frameworks */ = {isa = PBXBuildFile; fileRef = B07A30DA22A2C2B900590B21 /* libSDL2-2.0.0.dylib */; };
		B07A30DE22A2C37400590B21 /* Game.cpp in Sources */ = {isa = PBXBuildFile; fileRef = B07A30DC22A2C37400590B21 /* Game.cpp */; };
/* End PBXBuildFile section */

/* Begin PBXCopyFilesBuildPhase section */
		B07A30CD22A2BE7100590B21 /* CopyFiles */ = {
			isa = PBXCopyFilesBuildPhase;
			buildActionMask = 2147483647;
			dstPath = /usr/share/man/man1/;
			dstSubfolderSpec = 0;
			files = (
			);
			runOnlyForDeploymentPostprocessing = 1;
		};
/* End PBXCopyFilesBuildPhase section */

/* Begin PBXFileReference section */
		B07A30CF22A2BE7100590B21 /* Pong */ = {isa = PBXFileReference; explicitFileType = "compiled.mach-o.executable"; includeInIndex = 0; path = Pong; sourceTree = BUILT_PRODUCTS_DIR; };
		B07A30D222A2BE7100590B21 /* main.cpp */ = {isa = PBXFileReference; lastKnownFileType = sourcecode.cpp.cpp; path = main.cpp; sourceTree = "<group>"; };
		B07A30DA22A2C2B900590B21 /* libSDL2-2.0.0.dylib */ = {isa = PBXFileReference; lastKnownFileType = "compiled.mach-o.dylib"; name = "libSDL2-2.0.0.dylib"; path = "../../../../../usr/local/Cellar/sdl2/2.0.9_1/lib/libSDL2-2.0.0.dylib"; sourceTree = "<group>"; };
		B07A30DC22A2C37400590B21 /* Game.cpp */ = {isa = PBXFileReference; lastKnownFileType = sourcecode.cpp.cpp; path = Game.cpp; sourceTree = "<group>"; };
		B07A30DD22A2C37400590B21 /* Game.hpp */ = {isa = PBXFileReference; lastKnownFileType = sourcecode.cpp.h; path = Game.hpp; sourceTree = "<group>"; };
/* End PBXFileReference section */

/* Begin PBXFrameworksBuildPhase section */
		B07A30CC22A2BE7100590B21 /* Frameworks */ = {
			isa = PBXFrameworksBuildPhase;
			buildActionMask = 2147483647;
			files = (
				B07A30DB22A2C2B900590B21 /* libSDL2-2.0.0.dylib in Frameworks */,
			);
			runOnlyForDeploymentPostprocessing = 0;
		};
/* End PBXFrameworksBuildPhase section */

/* Begin PBXGroup section */
		B07A30C622A2BE7100590B21 = {
			isa = PBXGroup;
			children = (
				B07A30D122A2BE7100590B21 /* Pong */,
				B07A30D022A2BE7100590B21 /* Products */,
				B07A30D922A2C2B900590B21 /* Frameworks */,
			);
			sourceTree = "<group>";
		};
		B07A30D022A2BE7100590B21 /* Products */ = {
			isa = PBXGroup;
			children = (
				B07A30CF22A2BE7100590B21 /* Pong */,
			);
			name = Products;
			sourceTree = "<group>";
		};
		B07A30D122A2BE7100590B21 /* Pong */ = {
			isa = PBXGroup;
			children = (
				B07A30D222A2BE7100590B21 /* main.cpp */,
				B07A30DC22A2C37400590B21 /* Game.cpp */,
				B07A30DD22A2C37400590B21 /* Game.hpp */,
			);
			path = Pong;
			sourceTree = "<group>";
		};
		B07A30D922A2C2B900590B21 /* Frameworks */ = {
			isa = PBXGroup;
			children = (
				B07A30DA22A2C2B900590B21 /* libSDL2-2.0.0.dylib */,
			);
			name = Frameworks;
			sourceTree = "<group>";
		};
/* End PBXGroup section */

/* Begin PBXNativeTarget section */
		B07A30CE22A2BE7100590B21 /* Pong */ = {
			isa = PBXNativeTarget;
			buildConfigurationList = B07A30D622A2BE7100590B21 /* Build configuration list for PBXNativeTarget "Pong" */;
			buildPhases = (
				B07A30CB22A2BE7100590B21 /* Sources */,
				B07A30CC22A2BE7100590B21 /* Frameworks */,
				B07A30CD22A2BE7100590B21 /* CopyFiles */,
			);
			buildRules = (
			);
			dependencies = (
			);
			name = Pong;
			productName = Pong;
			productReference = B07A30CF22A2BE7100590B21 /* Pong */;
			productType = "com.apple.product-type.tool";
		};
/* End PBXNativeTarget section */

/* Begin PBXProject section */
		B07A30C722A2BE7100590B21 /* Project object */ = {
			isa = PBXProject;
			attributes = {
				LastUpgradeCheck = 1020;
				ORGANIZATIONNAME = "张佳俊";
				TargetAttributes = {
					B07A30CE22A2BE7100590B21 = {
						CreatedOnToolsVersion = 10.2.1;
					};
				};
			};
			buildConfigurationList = B07A30CA22A2BE7100590B21 /* Build configuration list for PBXProject "Pong" */;
			compatibilityVersion = "Xcode 9.3";
			developmentRegion = en;
			hasScannedForEncodings = 0;
			knownRegions = (
				en,
			);
			mainGroup = B07A30C622A2BE7100590B21;
			productRefGroup = B07A30D022A2BE7100590B21 /* Products */;
			projectDirPath = "";
			projectRoot = "";
			targets = (
				B07A30CE22A2BE7100590B21 /* Pong */,
			);
		};
/* End PBXProject section */

/* Begin PBXSourcesBuildPhase section */
		B07A30CB22A2BE7100590B21 /* Sources */ = {
			isa = PBXSourcesBuildPhase;
			buildActionMask = 2147483647;
			files = (
				B07A30D322A2BE7100590B21 /* main.cpp in Sources */,
				B07A30DE22A2C37400590B21 /* Game.cpp in Sources */,
			);
			runOnlyForDeploymentPostprocessing = 0;
		};
/* End PBXSourcesBuildPhase section */

/* Begin XCBuildConfiguration section */
		B07A30D422A2BE7100590B21 /* Debug */ = {
			isa = XCBuildConfiguration;
			buildSettings = {
				ALWAYS_SEARCH_USER_PATHS = NO;
				CLANG_ANALYZER_NONNULL = YES;
				CLANG_ANALYZER_NUMBER_OBJECT_CONVERSION = YES_AGGRESSIVE;
				CLANG_CXX_LANGUAGE_STANDARD = "gnu++14";
				CLANG_CXX_LIBRARY = "libc++";
				CLANG_ENABLE_MODULES = YES;
				CLANG_ENABLE_OBJC_ARC = YES;
				CLANG_ENABLE_OBJC_WEAK = YES;
				CLANG_WARN_BLOCK_CAPTURE_AUTORELEASING = YES;
				CLANG_WARN_BOOL_CONVERSION = YES;
				CLANG_WARN_COMMA = YES;
				CLANG_WARN_CONSTANT_CONVERSION = YES;
				CLANG_WARN_DEPRECATED_OBJC_IMPLEMENTATIONS = YES;
				CLANG_WARN_DIRECT_OBJC_ISA_USAGE = YES_ERROR;
				CLANG_WARN_DOCUMENTATION_COMMENTS = YES;
				CLANG_WARN_EMPTY_BODY = YES;
				CLANG_WARN_ENUM_CONVERSION = YES;
				CLANG_WARN_INFINITE_RECURSION = YES;
				CLANG_WARN_INT_CONVERSION = YES;
				CLANG_WARN_NON_LITERAL_NULL_CONVERSION = YES;
				CLANG_WARN_OBJC_IMPLICIT_RETAIN_SELF = YES;
				CLANG_WARN_OBJC_LITERAL_CONVERSION = YES;
				CLANG_WARN_OBJC_ROOT_CLASS = YES_ERROR;
				CLANG_WARN_RANGE_LOOP_ANALYSIS = YES;
				CLANG_WARN_STRICT_PROTOTYPES = YES;
				CLANG_WARN_SUSPICIOUS_MOVE = YES;
				CLANG_WARN_UNGUARDED_AVAILABILITY = YES_AGGRESSIVE;
				CLANG_WARN_UNREACHABLE_CODE = YES;
				CLANG_WARN__DUPLICATE_METHOD_MATCH = YES;
				CODE_SIGN_IDENTITY = "Mac Developer";
				COPY_PHASE_STRIP = NO;
				DEBUG_INFORMATION_FORMAT = dwarf;
				ENABLE_STRICT_OBJC_MSGSEND = YES;
				ENABLE_TESTABILITY = YES;
				GCC_C_LANGUAGE_STANDARD = gnu11;
				GCC_DYNAMIC_NO_PIC = NO;
				GCC_NO_COMMON_BLOCKS = YES;
				GCC_OPTIMIZATION_LEVEL = 0;
				GCC_PREPROCESSOR_DEFINITIONS = (
					"DEBUG=1",
					"$(inherited)",
				);
				GCC_WARN_64_TO_32_BIT_CONVERSION = YES;
				GCC_WARN_ABOUT_RETURN_TYPE = YES_ERROR;
				GCC_WARN_UNDECLARED_SELECTOR = YES;
				GCC_WARN_UNINITIALIZED_AUTOS = YES_AGGRESSIVE;
				GCC_WARN_UNUSED_FUNCTION = YES;
				GCC_WARN_UNUSED_VARIABLE = YES;
				MACOSX_DEPLOYMENT_TARGET = 10.14;
				MTL_ENABLE_DEBUG_INFO = INCLUDE_SOURCE;
				MTL_FAST_MATH = YES;
				ONLY_ACTIVE_ARCH = YES;
				SDKROOT = macosx;
			};
			name = Debug;
		};
		B07A30D522A2BE7100590B21 /* Release */ = {
			isa = XCBuildConfiguration;
			buildSettings = {
				ALWAYS_SEARCH_USER_PATHS = NO;
				CLANG_ANALYZER_NONNULL = YES;
				CLANG_ANALYZER_NUMBER_OBJECT_CONVERSION = YES_AGGRESSIVE;
				CLANG_CXX_LANGUAGE_STANDARD = "gnu++14";
				CLANG_CXX_LIBRARY = "libc++";
				CLANG_ENABLE_MODULES = YES;
				CLANG_ENABLE_OBJC_ARC = YES;
				CLANG_ENABLE_OBJC_WEAK = YES;
				CLANG_WARN_BLOCK_CAPTURE_AUTORELEASING = YES;
				CLANG_WARN_BOOL_CONVERSION = YES;
				CLANG_WARN_COMMA = YES;
				CLANG_WARN_CONSTANT_CONVERSION = YES;
				CLANG_WARN_DEPRECATED_OBJC_IMPLEMENTATIONS = YES;
				CLANG_WARN_DIRECT_OBJC_ISA_USAGE = YES_ERROR;
				CLANG_WARN_DOCUMENTATION_COMMENTS = YES;
				CLANG_WARN_EMPTY_BODY = YES;
				CLANG_WARN_ENUM_CONVERSION = YES;
				CLANG_WARN_INFINITE_RECURSION = YES;
				CLANG_WARN_INT_CONVERSION = YES;
				CLANG_WARN_NON_LITERAL_NULL_CONVERSION = YES;
				CLANG_WARN_OBJC_IMPLICIT_RETAIN_SELF = YES;
				CLANG_WARN_OBJC_LITERAL_CONVERSION = YES;
				CLANG_WARN_OBJC_ROOT_CLASS = YES_ERROR;
				CLANG_WARN_RANGE_LOOP_ANALYSIS = YES;
				CLANG_WARN_STRICT_PROTOTYPES = YES;
				CLANG_WARN_SUSPICIOUS_MOVE = YES;
				CLANG_WARN_UNGUARDED_AVAILABILITY = YES_AGGRESSIVE;
				CLANG_WARN_UNREACHABLE_CODE = YES;
				CLANG_WARN__DUPLICATE_METHOD_MATCH = YES;
				CODE_SIGN_IDENTITY = "Mac Developer";
				COPY_PHASE_STRIP = NO;
				DEBUG_INFORMATION_FORMAT = "dwarf-with-dsym";
				ENABLE_NS_ASSERTIONS = NO;
				ENABLE_STRICT_OBJC_MSGSEND = YES;
				GCC_C_LANGUAGE_STANDARD = gnu11;
				GCC_NO_COMMON_BLOCKS = YES;
				GCC_WARN_64_TO_32_BIT_CONVERSION = YES;
				GCC_WARN_ABOUT_RETURN_TYPE = YES_ERROR;
				GCC_WARN_UNDECLARED_SELECTOR = YES;
				GCC_WARN_UNINITIALIZED_AUTOS = YES_AGGRESSIVE;
				GCC_WARN_UNUSED_FUNCTION = YES;
				GCC_WARN_UNUSED_VARIABLE = YES;
				MACOSX_DEPLOYMENT_TARGET = 10.14;
				MTL_ENABLE_DEBUG_INFO = NO;
				MTL_FAST_MATH = YES;
				SDKROOT = macosx;
			};
			name = Release;
		};
		B07A30D722A2BE7100590B21 /* Debug */ = {
			isa = XCBuildConfiguration;
			buildSettings = {
				CODE_SIGN_STYLE = Automatic;
				DEVELOPMENT_TEAM = NTC9F3F6AS;
				FRAMEWORK_SEARCH_PATHS = /Library/Frameworks;
				HEADER_SEARCH_PATHS = /usr/local/include;
				LIBRARY_SEARCH_PATHS = /usr/local/Cellar/sdl2/2.0.9_1/lib;
				PRODUCT_NAME = "$(TARGET_NAME)";
				USER_HEADER_SEARCH_PATHS = "";
			};
			name = Debug;
		};
		B07A30D822A2BE7100590B21 /* Release */ = {
			isa = XCBuildConfiguration;
			buildSettings = {
				CODE_SIGN_STYLE = Automatic;
				DEVELOPMENT_TEAM = NTC9F3F6AS;
				FRAMEWORK_SEARCH_PATHS = /Library/Frameworks;
				HEADER_SEARCH_PATHS = /usr/local/include;
				LIBRARY_SEARCH_PATHS = /usr/local/Cellar/sdl2/2.0.9_1/lib;
				PRODUCT_NAME = "$(TARGET_NAME)";
				USER_HEADER_SEARCH_PATHS = "";
			};
			name = Release;
		};
/* End XCBuildConfiguration section */

/* Begin XCConfigurationList section */
		B07A30CA22A2BE7100590B21 /* Build configuration list for PBXProject "Pong" */ = {
			isa = XCConfigurationList;
			buildConfigurations = (
				B07A30D422A2BE7100590B21 /* Debug */,
				B07A30D522A2BE7100590B21 /* Release */,
			);
			defaultConfigurationIsVisible = 0;
			defaultConfigurationName = Release;
		};
		B07A30D622A2BE7100590B21 /* Build configuration list for PBXNativeTarget "Pong" */ = {
			isa = XCConfigurationList;
			buildConfigurations = (
				B07A30D722A2BE7100590B21 /* Debug */,
				B07A30D822A2BE7100590B21 /* Release */,
			);
			defaultConfigurationIsVisible = 0;
			defaultConfigurationName = Release;
		};
/* End XCConfigurationList section */
	};
	rootObject = B07A30C722A2BE7100590B21 /* Project object */;
}
